// !$*UTF8*$!
{
	archiveVersion = 1;
	classes = {
	};
	objectVersion = 70;
	objects = {

/* Begin PBXBuildFile section */
		A61E1B0322C8F93F00025026 /* main.m in Sources */ = {isa = PBXBuildFile; fileRef = A61E1B0222C8F93E00025026 /* main.m */; };
		A61E1B0B22C934DF00025026 /* UMDiameterAvpDef.m in Sources */ = {isa = PBXBuildFile; fileRef = A61E1B0A22C934DF00025026 /* UMDiameterAvpDef.m */; };
		A6260C59228C004F00C94036 /* main.m in Sources */ = {isa = PBXBuildFile; fileRef = A6260C58228C004F00C94036 /* main.m */; };
		A6260C60228C019700C94036 /* ulibdiameter.framework in Frameworks */ = {isa = PBXBuildFile; fileRef = A6609EA9203A66A600C25C7B /* ulibdiameter.framework */; };
		A628E77322C9DD5F00D5BD91 /* UMDiameterAvpGroupDef.m in Sources */ = {isa = PBXBuildFile; fileRef = A628E77222C9DD5F00D5BD91 /* UMDiameterAvpGroupDef.m */; };
		A628E77722C9DF0400D5BD91 /* UMDiameterGeneratorAVP.m in Sources */ = {isa = PBXBuildFile; fileRef = A628E77622C9DF0400D5BD91 /* UMDiameterGeneratorAVP.m */; };
		A643D8AB3065399200F9798D /* libulib.a in Frameworks */ = {isa = PBXBuildFile; fileRef = A643D8AA3065399200F9798D /* libulib.a */; };
		A643D8AC3065399200F9798D /* libulib.a in Frameworks */ = {isa = PBXBuildFile; fileRef = A643D8AA3065399200F9798D /* libulib.a */; };
		A643D8AD3065399200F9798D /* libulib.a in Frameworks */ = {isa = PBXBuildFile; fileRef = A643D8AA3065399200F9798D /* libulib.a */; };
		A643D8AE3065399200F9798D /* libulib.a in Frameworks */ = {isa = PBXBuildFile; fileRef = A643D8AA3065399200F9798D /* libulib.a */; };
		A643D8AF3065399200F9798D /* libulib.a in Frameworks */ = {isa = PBXBuildFile; fileRef = A643D8AA3065399200F9798D /* libulib.a */; };
		A643D8B7306539A700F9798D /* libulibpcap.a in Frameworks */ = {isa = PBXBuildFile; fileRef = A643D8B6306539A700F9798D /* libulibpcap.a */; };
		A643D8B8306539A700F9798D /* libulibpcap.a in Frameworks */ = {isa = PBXBuildFile; fileRef = A643D8B6306539A700F9798D /* libulibpcap.a */; };
		A643D8B9306539A700F9798D /* libulibpcap.a in Frameworks */ = {isa = PBXBuildFile; fileRef = A643D8B6306539A700F9798D /* libulibpcap.a */; };
		A643D8BA306539A700F9798D /* libulibpcap.a in Frameworks */ = {isa = PBXBuildFile; fileRef = A643D8B6306539A700F9798D /* libulibpcap.a */; };
		A643D8BB306539A700F9798D /* libulibpcap.a in Frameworks */ = {isa = PBXBuildFile; fileRef = A643D8B6306539A700F9798D /* libulibpcap.a */; };
		A643D8BD306539B600F9798D /* libulibgsmmap.a in Frameworks */ = {isa = PBXBuildFile; fileRef = A643D8BC306539B600F9798D /* libulibgsmmap.a */; };
		A643D8BE306539B600F9798D /* libulibgsmmap.a in Frameworks */ = {isa = PBXBuildFile; fileRef = A643D8BC306539B600F9798D /* libulibgsmmap.a */; };
		A643D8BF306539B600F9798D /* libulibgsmmap.a in Frameworks */ = {isa = PBXBuildFile; fileRef = A643D8BC306539B600F9798D /* libulibgsmmap.a */; };
		A643D8C0306539B600F9798D /* libulibgsmmap.a in Frameworks */ = {isa = PBXBuildFile; fileRef = A643D8BC306539B600F9798D /* libulibgsmmap.a */; };
		A643D8C1306539B600F9798D /* libulibgsmmap.a in Frameworks */ = {isa = PBXBuildFile; fileRef = A643D8BC306539B600F9798D /* libulibgsmmap.a */; };
		A6609EB3203A66A600C25C7B /* ulibdiameter.framework in Frameworks */ = {isa = PBXBuildFile; fileRef = A6609EA9203A66A600C25C7B /* ulibdiameter.framework */; };
		A6609EB8203A66A600C25C7B /* ulibdiameterTests.m in Sources */ = {isa = PBXBuildFile; fileRef = A6609EB7203A66A600C25C7B /* ulibdiameterTests.m */; };
		A684F78622C1FED9004F77C0 /* main.m in Sources */ = {isa = PBXBuildFile; fileRef = A684F78522C1FED9004F77C0 /* main.m */; };
		A6BE474A22C7462000A9353D /* UMDiameterGeneratorAVP.m in Sources */ = {isa = PBXBuildFile; fileRef = A6BE474922C7462000A9353D /* UMDiameterGeneratorAVP.m */; };
		A6BE474D22C746ED00A9353D /* UMDiameterGeneratorCMD.m in Sources */ = {isa = PBXBuildFile; fileRef = A6BE474C22C746ED00A9353D /* UMDiameterGeneratorCMD.m */; };
		A6BE474F22C7825700A9353D /* UMDiameterGeneratorCMD.h in Headers */ = {isa = PBXBuildFile; fileRef = A6BE474B22C746ED00A9353D /* UMDiameterGeneratorCMD.h */; settings = {ATTRIBUTES = (Public, ); }; };
/* End PBXBuildFile section */

/* Begin PBXContainerItemProxy section */
		A6609EB4203A66A600C25C7B /* PBXContainerItemProxy */ = {
			isa = PBXContainerItemProxy;
			containerPortal = A6609EA0203A66A600C25C7B /* Project object */;
			proxyType = 1;
			remoteGlobalIDString = A6609EA8203A66A600C25C7B;
			remoteInfo = ulibdiameter;
		};
/* End PBXContainerItemProxy section */

/* Begin PBXCopyFilesBuildPhase section */
		A61E1AFE22C8F93E00025026 /* CopyFiles */ = {
			isa = PBXCopyFilesBuildPhase;
			buildActionMask = 2147483647;
			dstPath = /usr/share/man/man1/;
			dstSubfolderSpec = 0;
			files = (
			);
			runOnlyForDeploymentPostprocessing = 1;
		};
		A6260C54228C004F00C94036 /* CopyFiles */ = {
			isa = PBXCopyFilesBuildPhase;
			buildActionMask = 2147483647;
			dstPath = /usr/share/man/man1/;
			dstSubfolderSpec = 0;
			files = (
			);
			runOnlyForDeploymentPostprocessing = 1;
		};
		A684F78122C1FED9004F77C0 /* CopyFiles */ = {
			isa = PBXCopyFilesBuildPhase;
			buildActionMask = 2147483647;
			dstPath = /usr/share/man/man1/;
			dstSubfolderSpec = 0;
			files = (
			);
			runOnlyForDeploymentPostprocessing = 1;
		};
/* End PBXCopyFilesBuildPhase section */

/* Begin PBXFileReference section */
		A61E1AD822C8C7A000025026 /* main.m */ = {isa = PBXFileReference; lastKnownFileType = sourcecode.c.objc; path = main.m; sourceTree = "<group>"; };
		A61E1B0022C8F93E00025026 /* diameter-avp-gen */ = {isa = PBXFileReference; explicitFileType = "compiled.mach-o.executable"; includeInIndex = 0; path = "diameter-avp-gen"; sourceTree = BUILT_PRODUCTS_DIR; };
		A61E1B0222C8F93E00025026 /* main.m */ = {isa = PBXFileReference; lastKnownFileType = sourcecode.c.objc; path = main.m; sourceTree = "<group>"; };
		A61E1B0922C934DE00025026 /* UMDiameterAvpDef.h */ = {isa = PBXFileReference; lastKnownFileType = sourcecode.c.h; path = UMDiameterAvpDef.h; sourceTree = "<group>"; };
		A61E1B0A22C934DF00025026 /* UMDiameterAvpDef.m */ = {isa = PBXFileReference; lastKnownFileType = sourcecode.c.objc; path = UMDiameterAvpDef.m; sourceTree = "<group>"; };
		A61E1B0F22C94A4000025026 /* test.sh */ = {isa = PBXFileReference; lastKnownFileType = text.script.sh; path = test.sh; sourceTree = "<group>"; };
		A61E1B1022C9518C00025026 /* output */ = {isa = PBXFileReference; lastKnownFileType = folder; path = output; sourceTree = "<group>"; };
		A6260C56228C004F00C94036 /* decode-diameter-pdu */ = {isa = PBXFileReference; explicitFileType = "compiled.mach-o.executable"; includeInIndex = 0; path = "decode-diameter-pdu"; sourceTree = BUILT_PRODUCTS_DIR; };
		A6260C58228C004F00C94036 /* main.m */ = {isa = PBXFileReference; lastKnownFileType = sourcecode.c.objc; path = main.m; sourceTree = "<group>"; };
		A628E76F22C9DBCD00D5BD91 /* avp-group-defs */ = {isa = PBXFileReference; lastKnownFileType = folder; path = "avp-group-defs"; sourceTree = "<group>"; };
		A628E77122C9DD5F00D5BD91 /* UMDiameterAvpGroupDef.h */ = {isa = PBXFileReference; lastKnownFileType = sourcecode.c.h; path = UMDiameterAvpGroupDef.h; sourceTree = "<group>"; };
		A628E77222C9DD5F00D5BD91 /* UMDiameterAvpGroupDef.m */ = {isa = PBXFileReference; lastKnownFileType = sourcecode.c.objc; path = UMDiameterAvpGroupDef.m; sourceTree = "<group>"; };
		A628E77522C9DF0400D5BD91 /* UMDiameterGeneratorAVP.h */ = {isa = PBXFileReference; fileEncoding = 4; lastKnownFileType = sourcecode.c.h; path = UMDiameterGeneratorAVP.h; sourceTree = "<group>"; };
		A628E77622C9DF0400D5BD91 /* UMDiameterGeneratorAVP.m */ = {isa = PBXFileReference; fileEncoding = 4; lastKnownFileType = sourcecode.c.objc; path = UMDiameterGeneratorAVP.m; sourceTree = "<group>"; };
		A634105C24B7238E0044A2B6 /* VERSION */ = {isa = PBXFileReference; fileEncoding = 4; lastKnownFileType = text; path = VERSION; sourceTree = "<group>"; };
		A643D8AA3065399200F9798D /* libulib.a */ = {isa = PBXFileReference; lastKnownFileType = archive.ar; name = libulib.a; path = /usr/local/lib/libulib.a; sourceTree = "<absolute>"; };
		A643D8B6306539A700F9798D /* libulibpcap.a */ = {isa = PBXFileReference; lastKnownFileType = archive.ar; name = libulibpcap.a; path = /usr/local/lib/libulibpcap.a; sourceTree = "<absolute>"; };
		A643D8BC306539B600F9798D /* libulibgsmmap.a */ = {isa = PBXFileReference; lastKnownFileType = archive.ar; name = libulibgsmmap.a; path = /usr/local/lib/libulibgsmmap.a; sourceTree = "<absolute>"; };
		A6609EA9203A66A600C25C7B /* ulibdiameter.framework */ = {isa = PBXFileReference; explicitFileType = wrapper.framework; includeInIndex = 0; path = ulibdiameter.framework; sourceTree = BUILT_PRODUCTS_DIR; };
		A6609EB2203A66A600C25C7B /* ulibdiameterTests.xctest */ = {isa = PBXFileReference; explicitFileType = wrapper.cfbundle; includeInIndex = 0; path = ulibdiameterTests.xctest; sourceTree = BUILT_PRODUCTS_DIR; };
		A6609EB7203A66A600C25C7B /* ulibdiameterTests.m */ = {isa = PBXFileReference; lastKnownFileType = sourcecode.c.objc; path = ulibdiameterTests.m; sourceTree = "<group>"; };
		A6609EB9203A66A600C25C7B /* Info.plist */ = {isa = PBXFileReference; lastKnownFileType = text.plist.xml; path = Info.plist; sourceTree = "<group>"; };
		A684F78322C1FED9004F77C0 /* diameter-cmd-gen */ = {isa = PBXFileReference; explicitFileType = "compiled.mach-o.executable"; includeInIndex = 0; path = "diameter-cmd-gen"; sourceTree = BUILT_PRODUCTS_DIR; };
		A684F78522C1FED9004F77C0 /* main.m */ = {isa = PBXFileReference; lastKnownFileType = sourcecode.c.objc; path = main.m; sourceTree = "<group>"; };
		A685AE0726088713007A631F /* diameter-cmd-gen.entitlements */ = {isa = PBXFileReference; lastKnownFileType = text.plist.entitlements; path = "diameter-cmd-gen.entitlements"; sourceTree = "<group>"; };
		A6BE474822C7462000A9353D /* UMDiameterGeneratorAVP.h */ = {isa = PBXFileReference; lastKnownFileType = sourcecode.c.h; path = UMDiameterGeneratorAVP.h; sourceTree = "<group>"; };
		A6BE474922C7462000A9353D /* UMDiameterGeneratorAVP.m */ = {isa = PBXFileReference; lastKnownFileType = sourcecode.c.objc; path = UMDiameterGeneratorAVP.m; sourceTree = "<group>"; };
		A6BE474B22C746ED00A9353D /* UMDiameterGeneratorCMD.h */ = {isa = PBXFileReference; lastKnownFileType = sourcecode.c.h; path = UMDiameterGeneratorCMD.h; sourceTree = "<group>"; };
		A6BE474C22C746ED00A9353D /* UMDiameterGeneratorCMD.m */ = {isa = PBXFileReference; lastKnownFileType = sourcecode.c.objc; path = UMDiameterGeneratorCMD.m; sourceTree = "<group>"; };
		A6BE475122C7853D00A9353D /* testfile.txt */ = {isa = PBXFileReference; lastKnownFileType = text; path = testfile.txt; sourceTree = "<group>"; };
		A6D789D92C7627B100387176 /* decode-diameter-pdu.entitlements */ = {isa = PBXFileReference; lastKnownFileType = text.plist.entitlements; path = "decode-diameter-pdu.entitlements"; sourceTree = "<group>"; };
		A6D789DA2C7627B700387176 /* diameter-avp-gen.entitlements */ = {isa = PBXFileReference; lastKnownFileType = text.plist.entitlements; path = "diameter-avp-gen.entitlements"; sourceTree = "<group>"; };
		A6F2C8FE203B7F8D00DA49BF /* doc */ = {isa = PBXFileReference; lastKnownFileType = folder; path = doc; sourceTree = "<group>"; };
/* End PBXFileReference section */

/* Begin PBXFileSystemSynchronizedRootGroup section */
		A643E3A830664DB900F9798D /* AVP */ = {isa = PBXFileSystemSynchronizedRootGroup; explicitFileTypes = {}; explicitFolders = (); path = AVP; sourceTree = "<group>"; };
		A643E3EC30664DB900F9798D /* Commands */ = {isa = PBXFileSystemSynchronizedRootGroup; explicitFileTypes = {}; explicitFolders = (); path = Commands; sourceTree = "<group>"; };
		A643E91130664DD600F9798D /* ulibdiameter */ = {isa = PBXFileSystemSynchronizedRootGroup; explicitFileTypes = {}; explicitFolders = (); path = ulibdiameter; sourceTree = "<group>"; };
/* End PBXFileSystemSynchronizedRootGroup section */

/* Begin PBXFrameworksBuildPhase section */
		A61E1AFD22C8F93E00025026 /* Frameworks */ = {
			isa = PBXFrameworksBuildPhase;
			buildActionMask = 2147483647;
			files = (
				A643D8BF306539B600F9798D /* libulibgsmmap.a in Frameworks */,
				A643D8B9306539A700F9798D /* libulibpcap.a in Frameworks */,
				A643D8AF3065399200F9798D /* libulib.a in Frameworks */,
			);
			runOnlyForDeploymentPostprocessing = 0;
		};
		A6260C53228C004F00C94036 /* Frameworks */ = {
			isa = PBXFrameworksBuildPhase;
			buildActionMask = 2147483647;
			files = (
				A643D8BB306539A700F9798D /* libulibpcap.a in Frameworks */,
				A643D8AB3065399200F9798D /* libulib.a in Frameworks */,
				A6260C60228C019700C94036 /* ulibdiameter.framework in Frameworks */,
				A643D8C0306539B600F9798D /* libulibgsmmap.a in Frameworks */,
			);
			runOnlyForDeploymentPostprocessing = 0;
		};
		A6609EA5203A66A600C25C7B /* Frameworks */ = {
			isa = PBXFrameworksBuildPhase;
			buildActionMask = 2147483647;
			files = (
				A643D8C1306539B600F9798D /* libulibgsmmap.a in Frameworks */,
				A643D8B7306539A700F9798D /* libulibpcap.a in Frameworks */,
				A643D8AD3065399200F9798D /* libulib.a in Frameworks */,
			);
			runOnlyForDeploymentPostprocessing = 0;
		};
		A6609EAF203A66A600C25C7B /* Frameworks */ = {
			isa = PBXFrameworksBuildPhase;
			buildActionMask = 2147483647;
			files = (
				A643D8BD306539B600F9798D /* libulibgsmmap.a in Frameworks */,
				A6609EB3203A66A600C25C7B /* ulibdiameter.framework in Frameworks */,
				A643D8AE3065399200F9798D /* libulib.a in Frameworks */,
				A643D8B8306539A700F9798D /* libulibpcap.a in Frameworks */,
			);
			runOnlyForDeploymentPostprocessing = 0;
		};
		A684F78022C1FED9004F77C0 /* Frameworks */ = {
			isa = PBXFrameworksBuildPhase;
			buildActionMask = 2147483647;
			files = (
				A643D8BE306539B600F9798D /* libulibgsmmap.a in Frameworks */,
				A643D8BA306539A700F9798D /* libulibpcap.a in Frameworks */,
				A643D8AC3065399200F9798D /* libulib.a in Frameworks */,
			);
			runOnlyForDeploymentPostprocessing = 0;
		};
/* End PBXFrameworksBuildPhase section */

/* Begin PBXGroup section */
		A61E1AD722C8C7A000025026 /* diameter-test1 */ = {
			isa = PBXGroup;
			children = (
				A61E1AD822C8C7A000025026 /* main.m */,
			);
			path = "diameter-test1";
			sourceTree = "<group>";
		};
		A61E1B0122C8F93E00025026 /* diameter-avp-gen */ = {
			isa = PBXGroup;
			children = (
				A6D789DA2C7627B700387176 /* diameter-avp-gen.entitlements */,
				A628E76F22C9DBCD00D5BD91 /* avp-group-defs */,
				A61E1B1022C9518C00025026 /* output */,
				A61E1B0F22C94A4000025026 /* test.sh */,
				A61E1B0222C8F93E00025026 /* main.m */,
				A61E1B0922C934DE00025026 /* UMDiameterAvpDef.h */,
				A61E1B0A22C934DF00025026 /* UMDiameterAvpDef.m */,
				A628E77122C9DD5F00D5BD91 /* UMDiameterAvpGroupDef.h */,
				A628E77222C9DD5F00D5BD91 /* UMDiameterAvpGroupDef.m */,
				A628E77522C9DF0400D5BD91 /* UMDiameterGeneratorAVP.h */,
				A628E77622C9DF0400D5BD91 /* UMDiameterGeneratorAVP.m */,
			);
			path = "diameter-avp-gen";
			sourceTree = "<group>";
		};
		A6260C57228C004F00C94036 /* decode-diameter-pdu */ = {
			isa = PBXGroup;
			children = (
				A6D789D92C7627B100387176 /* decode-diameter-pdu.entitlements */,
				A6260C58228C004F00C94036 /* main.m */,
			);
			path = "decode-diameter-pdu";
			sourceTree = "<group>";
		};
		A643D8A93065390C00F9798D /* Libraries */ = {
			isa = PBXGroup;
			children = (
				A643D8BC306539B600F9798D /* libulibgsmmap.a */,
				A643D8AA3065399200F9798D /* libulib.a */,
				A643D8B6306539A700F9798D /* libulibpcap.a */,
			);
			path = Libraries;
			sourceTree = "<group>";
		};
		A6609E9F203A66A600C25C7B = {
			isa = PBXGroup;
			children = (
				A634105C24B7238E0044A2B6 /* VERSION */,
				A6F2C8FE203B7F8D00DA49BF /* doc */,
				A643E3A830664DB900F9798D /* AVP */,
				A643E3EC30664DB900F9798D /* Commands */,
				A643E91130664DD600F9798D /* ulibdiameter */,
				A6609EB6203A66A600C25C7B /* ulibdiameterTests */,
				A6260C57228C004F00C94036 /* decode-diameter-pdu */,
				A684F78422C1FED9004F77C0 /* diameter-cmd-gen */,
				A61E1B0122C8F93E00025026 /* diameter-avp-gen */,
				A61E1AD722C8C7A000025026 /* diameter-test1 */,
				A6609EAA203A66A600C25C7B /* Products */,
				A643D8A93065390C00F9798D /* Libraries */,
			);
			sourceTree = "<group>";
		};
		A6609EAA203A66A600C25C7B /* Products */ = {
			isa = PBXGroup;
			children = (
				A6609EA9203A66A600C25C7B /* ulibdiameter.framework */,
				A6609EB2203A66A600C25C7B /* ulibdiameterTests.xctest */,
				A6260C56228C004F00C94036 /* decode-diameter-pdu */,
				A684F78322C1FED9004F77C0 /* diameter-cmd-gen */,
				A61E1B0022C8F93E00025026 /* diameter-avp-gen */,
			);
			name = Products;
			sourceTree = "<group>";
		};
		A6609EB6203A66A600C25C7B /* ulibdiameterTests */ = {
			isa = PBXGroup;
			children = (
				A6609EB7203A66A600C25C7B /* ulibdiameterTests.m */,
				A6609EB9203A66A600C25C7B /* Info.plist */,
			);
			path = ulibdiameterTests;
			sourceTree = "<group>";
		};
		A684F78422C1FED9004F77C0 /* diameter-cmd-gen */ = {
			isa = PBXGroup;
			children = (
				A685AE0726088713007A631F /* diameter-cmd-gen.entitlements */,
				A684F78522C1FED9004F77C0 /* main.m */,
				A6BE474B22C746ED00A9353D /* UMDiameterGeneratorCMD.h */,
				A6BE474C22C746ED00A9353D /* UMDiameterGeneratorCMD.m */,
				A6BE474822C7462000A9353D /* UMDiameterGeneratorAVP.h */,
				A6BE474922C7462000A9353D /* UMDiameterGeneratorAVP.m */,
				A6BE475122C7853D00A9353D /* testfile.txt */,
			);
			path = "diameter-cmd-gen";
			sourceTree = "<group>";
		};
/* End PBXGroup section */

/* Begin PBXHeadersBuildPhase section */
		A6609EA6203A66A600C25C7B /* Headers */ = {
			isa = PBXHeadersBuildPhase;
			buildActionMask = 2147483647;
			files = (
				A6BE474F22C7825700A9353D /* UMDiameterGeneratorCMD.h in Headers */,
			);
			runOnlyForDeploymentPostprocessing = 0;
		};
/* End PBXHeadersBuildPhase section */

/* Begin PBXNativeTarget section */
		A61E1AFF22C8F93E00025026 /* diameter-avp-gen */ = {
			isa = PBXNativeTarget;
			buildConfigurationList = A61E1B0422C8F93F00025026 /* Build configuration list for PBXNativeTarget "diameter-avp-gen" */;
			buildPhases = (
				A61E1AFC22C8F93E00025026 /* Sources */,
				A61E1AFD22C8F93E00025026 /* Frameworks */,
				A61E1AFE22C8F93E00025026 /* CopyFiles */,
				A61E1B0D22C9492C00025026 /* ShellScript */,
			);
			buildRules = (
			);
			dependencies = (
			);
			name = "diameter-avp-gen";
			productName = "diameter-avp-gen";
			productReference = A61E1B0022C8F93E00025026 /* diameter-avp-gen */;
			productType = "com.apple.product-type.tool";
		};
		A6260C55228C004F00C94036 /* decode-diameter-pdu */ = {
			isa = PBXNativeTarget;
			buildConfigurationList = A6260C5A228C004F00C94036 /* Build configuration list for PBXNativeTarget "decode-diameter-pdu" */;
			buildPhases = (
				A6260C52228C004F00C94036 /* Sources */,
				A6260C53228C004F00C94036 /* Frameworks */,
				A6260C54228C004F00C94036 /* CopyFiles */,
				A67E7A8F22C61BF300B34DA3 /* ShellScript */,
			);
			buildRules = (
			);
			dependencies = (
			);
			name = "decode-diameter-pdu";
			productName = "decode-diameter-pdu";
			productReference = A6260C56228C004F00C94036 /* decode-diameter-pdu */;
			productType = "com.apple.product-type.tool";
		};
		A6609EA8203A66A600C25C7B /* ulibdiameter */ = {
			isa = PBXNativeTarget;
			buildConfigurationList = A6609EBD203A66A600C25C7B /* Build configuration list for PBXNativeTarget "ulibdiameter" */;
			buildPhases = (
				A6609EA4203A66A600C25C7B /* Sources */,
				A6609EA5203A66A600C25C7B /* Frameworks */,
				A6609EA6203A66A600C25C7B /* Headers */,
				A6609EA7203A66A600C25C7B /* Resources */,
			);
			buildRules = (
			);
			dependencies = (
			);
			name = ulibdiameter;
			productName = ulibdiameter;
			productReference = A6609EA9203A66A600C25C7B /* ulibdiameter.framework */;
			productType = "com.apple.product-type.framework";
		};
		A6609EB1203A66A600C25C7B /* ulibdiameterTests */ = {
			isa = PBXNativeTarget;
			buildConfigurationList = A6609EC0203A66A600C25C7B /* Build configuration list for PBXNativeTarget "ulibdiameterTests" */;
			buildPhases = (
				A6609EAE203A66A600C25C7B /* Sources */,
				A6609EAF203A66A600C25C7B /* Frameworks */,
				A6609EB0203A66A600C25C7B /* Resources */,
			);
			buildRules = (
			);
			dependencies = (
				A6609EB5203A66A600C25C7B /* PBXTargetDependency */,
			);
			name = ulibdiameterTests;
			productName = ulibdiameterTests;
			productReference = A6609EB2203A66A600C25C7B /* ulibdiameterTests.xctest */;
			productType = "com.apple.product-type.bundle.unit-test";
		};
		A684F78222C1FED9004F77C0 /* diameter-cmd-gen */ = {
			isa = PBXNativeTarget;
			buildConfigurationList = A684F78722C1FED9004F77C0 /* Build configuration list for PBXNativeTarget "diameter-cmd-gen" */;
			buildPhases = (
				A684F77F22C1FED9004F77C0 /* Sources */,
				A684F78022C1FED9004F77C0 /* Frameworks */,
				A684F78122C1FED9004F77C0 /* CopyFiles */,
				A61E1B0E22C9494E00025026 /* ShellScript */,
			);
			buildRules = (
			);
			dependencies = (
			);
			name = "diameter-cmd-gen";
			productName = "avp-src-gen";
			productReference = A684F78322C1FED9004F77C0 /* diameter-cmd-gen */;
			productType = "com.apple.product-type.tool";
		};
/* End PBXNativeTarget section */

/* Begin PBXProject section */
		A6609EA0203A66A600C25C7B /* Project object */ = {
			isa = PBXProject;
			attributes = {
				BuildIndependentTargetsInParallel = YES;
				LastUpgradeCheck = 1620;
				ORGANIZATIONNAME = "";
				TargetAttributes = {
					A61E1AFF22C8F93E00025026 = {
						CreatedOnToolsVersion = 10.2.1;
						ProvisioningStyle = Automatic;
					};
					A6260C55228C004F00C94036 = {
						CreatedOnToolsVersion = 10.1;
						ProvisioningStyle = Automatic;
					};
					A6609EA8203A66A600C25C7B = {
						CreatedOnToolsVersion = 9.2;
						ProvisioningStyle = Automatic;
					};
					A6609EB1203A66A600C25C7B = {
						CreatedOnToolsVersion = 9.2;
						ProvisioningStyle = Automatic;
					};
					A684F78222C1FED9004F77C0 = {
						CreatedOnToolsVersion = 10.2.1;
						ProvisioningStyle = Automatic;
					};
				};
			};
			buildConfigurationList = A6609EA3203A66A600C25C7B /* Build configuration list for PBXProject "ulibdiameter" */;
			compatibilityVersion = "Xcode 12.0";
			developmentRegion = en;
			hasScannedForEncodings = 0;
			knownRegions = (
				en,
				Base,
			);
			mainGroup = A6609E9F203A66A600C25C7B;
			productRefGroup = A6609EAA203A66A600C25C7B /* Products */;
			projectDirPath = "";
			projectRoot = "";
			targets = (
				A684F78222C1FED9004F77C0 /* diameter-cmd-gen */,
				A61E1AFF22C8F93E00025026 /* diameter-avp-gen */,
				A6609EA8203A66A600C25C7B /* ulibdiameter */,
				A6609EB1203A66A600C25C7B /* ulibdiameterTests */,
				A6260C55228C004F00C94036 /* decode-diameter-pdu */,
			);
		};
/* End PBXProject section */

/* Begin PBXResourcesBuildPhase section */
		A6609EA7203A66A600C25C7B /* Resources */ = {
			isa = PBXResourcesBuildPhase;
			buildActionMask = 2147483647;
			files = (
			);
			runOnlyForDeploymentPostprocessing = 0;
		};
		A6609EB0203A66A600C25C7B /* Resources */ = {
			isa = PBXResourcesBuildPhase;
			buildActionMask = 2147483647;
			files = (
			);
			runOnlyForDeploymentPostprocessing = 0;
		};
/* End PBXResourcesBuildPhase section */

/* Begin PBXShellScriptBuildPhase section */
		A61E1B0D22C9492C00025026 /* ShellScript */ = {
			isa = PBXShellScriptBuildPhase;
			buildActionMask = 2147483647;
			files = (
			);
			inputFileListPaths = (
			);
			inputPaths = (
			);
			outputFileListPaths = (
			);
			outputPaths = (
			);
			runOnlyForDeploymentPostprocessing = 0;
			shellPath = /bin/sh;
			shellScript = "#!/bin/bash\n\nEXE=diameter-avp-gen\nmkdir -p /usr/local/bin\nif [ -f \"/usr/local/bin/$EXE\" ]\nthen\nrm -f \"/usr/local/bin/$EXE\"\nfi\nif [ -L \"/usr/local/bin/$EXE\" ]\nthen\nrm -f \"/usr/local/bin/$EXE\"\nfi\nln -s /Library/Application\\ Support/FinkTelecomServices/bin/$EXE /usr/local/bin/$EXE\n";
		};
		A61E1B0E22C9494E00025026 /* ShellScript */ = {
			isa = PBXShellScriptBuildPhase;
			buildActionMask = 2147483647;
			files = (
			);
			inputFileListPaths = (
			);
			inputPaths = (
			);
			outputFileListPaths = (
			);
			outputPaths = (
			);
			runOnlyForDeploymentPostprocessing = 0;
			shellPath = /bin/sh;
			shellScript = "#!/bin/bash\n\nEXE=diameter-cmd-gen\nmkdir -p /usr/local/bin\nif [ -f \"/usr/local/bin/$EXE\" ]\nthen\nrm -f \"/usr/local/bin/$EXE\"\nfi\nif [ -L \"/usr/local/bin/$EXE\" ]\nthen\nrm -f \"/usr/local/bin/$EXE\"\nfi\nln -s /Library/Application\\ Support/FinkTelecomServices/bin/$EXE /usr/local/bin/$EXE\n";
		};
		A67E7A8F22C61BF300B34DA3 /* ShellScript */ = {
			isa = PBXShellScriptBuildPhase;
			buildActionMask = 2147483647;
			files = (
			);
			inputFileListPaths = (
			);
			inputPaths = (
			);
			outputFileListPaths = (
			);
			outputPaths = (
			);
			runOnlyForDeploymentPostprocessing = 0;
			shellPath = /bin/sh;
			shellScript = "#!/bin/bash\n\nEXE=decode-diameter-pdu\nmkdir -p /usr/local/bin\nif [ -f \"/usr/local/bin/$EXE\" ]\nthen\n    rm -f \"/usr/local/bin/$EXE\"\nfi\nif [ -L \"/usr/local/bin/$EXE\" ]\nthen\n    rm -f \"/usr/local/bin/$EXE\"\nfi\nln -s /Library/Application\\ Support/FinkTelecomServices/bin/$EXE /usr/local/bin/$EXE\n";
		};
/* End PBXShellScriptBuildPhase section */

/* Begin PBXSourcesBuildPhase section */
		A61E1AFC22C8F93E00025026 /* Sources */ = {
			isa = PBXSourcesBuildPhase;
			buildActionMask = 2147483647;
			files = (
				A61E1B0B22C934DF00025026 /* UMDiameterAvpDef.m in Sources */,
				A628E77322C9DD5F00D5BD91 /* UMDiameterAvpGroupDef.m in Sources */,
				A61E1B0322C8F93F00025026 /* main.m in Sources */,
				A628E77722C9DF0400D5BD91 /* UMDiameterGeneratorAVP.m in Sources */,
			);
			runOnlyForDeploymentPostprocessing = 0;
		};
		A6260C52228C004F00C94036 /* Sources */ = {
			isa = PBXSourcesBuildPhase;
			buildActionMask = 2147483647;
			files = (
				A6260C59228C004F00C94036 /* main.m in Sources */,
			);
			runOnlyForDeploymentPostprocessing = 0;
		};
		A6609EA4203A66A600C25C7B /* Sources */ = {
			isa = PBXSourcesBuildPhase;
			buildActionMask = 2147483647;
			files = (
			);
			runOnlyForDeploymentPostprocessing = 0;
		};
		A6609EAE203A66A600C25C7B /* Sources */ = {
			isa = PBXSourcesBuildPhase;
			buildActionMask = 2147483647;
			files = (
				A6609EB8203A66A600C25C7B /* ulibdiameterTests.m in Sources */,
			);
			runOnlyForDeploymentPostprocessing = 0;
		};
		A684F77F22C1FED9004F77C0 /* Sources */ = {
			isa = PBXSourcesBuildPhase;
			buildActionMask = 2147483647;
			files = (
				A6BE474A22C7462000A9353D /* UMDiameterGeneratorAVP.m in Sources */,
				A6BE474D22C746ED00A9353D /* UMDiameterGeneratorCMD.m in Sources */,
				A684F78622C1FED9004F77C0 /* main.m in Sources */,
			);
			runOnlyForDeploymentPostprocessing = 0;
		};
/* End PBXSourcesBuildPhase section */

/* Begin PBXTargetDependency section */
		A6609EB5203A66A600C25C7B /* PBXTargetDependency */ = {
			isa = PBXTargetDependency;
			target = A6609EA8203A66A600C25C7B /* ulibdiameter */;
			targetProxy = A6609EB4203A66A600C25C7B /* PBXContainerItemProxy */;
		};
/* End PBXTargetDependency section */

/* Begin XCBuildConfiguration section */
		A61E1B0522C8F93F00025026 /* Debug */ = {
			isa = XCBuildConfiguration;
			buildSettings = {
				CLANG_ENABLE_MODULES = NO;
				CLANG_ENABLE_OBJC_WEAK = YES;
				CODE_SIGN_ENTITLEMENTS = "diameter-avp-gen/diameter-avp-gen.entitlements";
				CODE_SIGN_IDENTITY = "Apple Development";
				CODE_SIGN_STYLE = Automatic;
				DEAD_CODE_STRIPPING = YES;
				DEVELOPMENT_TEAM = 38L827M334;
				ENABLE_HARDENED_RUNTIME = NO;
				FRAMEWORK_SEARCH_PATHS = (
					"$(inherited)",
					"$(LOCAL_LIBRARY_DIR)/Application\\ Support/FinkTelecomServices/frameworks",
					"$(LOCAL_LIBRARY_DIR)/Application\\ Support/FinkTelecomServices/frameworks",
					"$(LOCAL_LIBRARY_DIR)/Application\\ Support/FinkTelecomServices/frameworks",
					"$(LOCAL_LIBRARY_DIR)/Application\\ Support/FinkTelecomServices/frameworks",
					"$(LOCAL_LIBRARY_DIR)/Application\\ Support/FinkTelecomServices/frameworks",
					"$(LOCAL_LIBRARY_DIR)/Application\\ Support/FinkTelecomServices/frameworks",
					"$(LOCAL_LIBRARY_DIR)/Application\\ Support/FinkTelecomServices/frameworks",
				);
				LIBRARY_SEARCH_PATHS = (
					"$(inherited)",
					"$(PROJECT_DIR)/Libraries",
				);
				MACOSX_DEPLOYMENT_TARGET = 15.0;
				MTL_ENABLE_DEBUG_INFO = INCLUDE_SOURCE;
				MTL_FAST_MATH = YES;
				PRODUCT_BUNDLE_IDENTIFIER = "com.fink-telecom.diameter-avp-gen";
				PRODUCT_NAME = "$(TARGET_NAME)";
			};
			name = Debug;
		};
		A61E1B0622C8F93F00025026 /* Release */ = {
			isa = XCBuildConfiguration;
			buildSettings = {
				CLANG_ENABLE_MODULES = NO;
				CLANG_ENABLE_OBJC_WEAK = YES;
				CODE_SIGN_ENTITLEMENTS = "diameter-avp-gen/diameter-avp-gen.entitlements";
				CODE_SIGN_IDENTITY = "Apple Development";
				CODE_SIGN_STYLE = Automatic;
				DEAD_CODE_STRIPPING = YES;
				DEVELOPMENT_TEAM = 38L827M334;
				ENABLE_HARDENED_RUNTIME = NO;
				FRAMEWORK_SEARCH_PATHS = (
					"$(inherited)",
					"$(LOCAL_LIBRARY_DIR)/Application\\ Support/FinkTelecomServices/frameworks",
					"$(LOCAL_LIBRARY_DIR)/Application\\ Support/FinkTelecomServices/frameworks",
					"$(LOCAL_LIBRARY_DIR)/Application\\ Support/FinkTelecomServices/frameworks",
					"$(LOCAL_LIBRARY_DIR)/Application\\ Support/FinkTelecomServices/frameworks",
					"$(LOCAL_LIBRARY_DIR)/Application\\ Support/FinkTelecomServices/frameworks",
					"$(LOCAL_LIBRARY_DIR)/Application\\ Support/FinkTelecomServices/frameworks",
					"$(LOCAL_LIBRARY_DIR)/Application\\ Support/FinkTelecomServices/frameworks",
				);
				LIBRARY_SEARCH_PATHS = (
					"$(inherited)",
					"$(PROJECT_DIR)/Libraries",
				);
				MACOSX_DEPLOYMENT_TARGET = 15.0;
				MTL_FAST_MATH = YES;
				PRODUCT_BUNDLE_IDENTIFIER = "com.fink-telecom.diameter-avp-gen";
				PRODUCT_NAME = "$(TARGET_NAME)";
			};
			name = Release;
		};
		A6260C5B228C004F00C94036 /* Debug */ = {
			isa = XCBuildConfiguration;
			buildSettings = {
				CLANG_ENABLE_MODULES = NO;
				CLANG_ENABLE_OBJC_WEAK = YES;
				CODE_SIGN_ENTITLEMENTS = "decode-diameter-pdu/decode-diameter-pdu.entitlements";
				CODE_SIGN_IDENTITY = "Apple Development";
				CODE_SIGN_STYLE = Automatic;
				DEAD_CODE_STRIPPING = YES;
				DEVELOPMENT_TEAM = 38L827M334;
				ENABLE_HARDENED_RUNTIME = NO;
				FRAMEWORK_SEARCH_PATHS = (
					"$(inherited)",
					"$(LOCAL_LIBRARY_DIR)/Application\\ Support/FinkTelecomServices/frameworks",
					"$(LOCAL_LIBRARY_DIR)/Application\\ Support/FinkTelecomServices/frameworks",
					"$(LOCAL_LIBRARY_DIR)/Application\\ Support/FinkTelecomServices/frameworks",
					"$(LOCAL_LIBRARY_DIR)/Application\\ Support/FinkTelecomServices/frameworks",
					"$(LOCAL_LIBRARY_DIR)/Application\\ Support/FinkTelecomServices/frameworks",
					"$(LOCAL_LIBRARY_DIR)/Application\\ Support/FinkTelecomServices/frameworks",
					"$(LOCAL_LIBRARY_DIR)/Application\\ Support/FinkTelecomServices/frameworks",
				);
				LIBRARY_SEARCH_PATHS = (
					"$(inherited)",
					"$(PROJECT_DIR)/Libraries",
				);
				MACOSX_DEPLOYMENT_TARGET = 15.0;
				MTL_ENABLE_DEBUG_INFO = INCLUDE_SOURCE;
				MTL_FAST_MATH = YES;
				PRODUCT_BUNDLE_IDENTIFIER = "com.fink-telecom.decode-diameter-pdu";
				PRODUCT_NAME = "$(TARGET_NAME)";
			};
			name = Debug;
		};
		A6260C5C228C004F00C94036 /* Release */ = {
			isa = XCBuildConfiguration;
			buildSettings = {
				CLANG_ENABLE_MODULES = NO;
				CLANG_ENABLE_OBJC_WEAK = YES;
				CODE_SIGN_ENTITLEMENTS = "decode-diameter-pdu/decode-diameter-pdu.entitlements";
				CODE_SIGN_IDENTITY = "Apple Development";
				CODE_SIGN_STYLE = Automatic;
				DEAD_CODE_STRIPPING = YES;
				DEVELOPMENT_TEAM = 38L827M334;
				ENABLE_HARDENED_RUNTIME = NO;
				FRAMEWORK_SEARCH_PATHS = (
					"$(inherited)",
					"$(LOCAL_LIBRARY_DIR)/Application\\ Support/FinkTelecomServices/frameworks",
					"$(LOCAL_LIBRARY_DIR)/Application\\ Support/FinkTelecomServices/frameworks",
					"$(LOCAL_LIBRARY_DIR)/Application\\ Support/FinkTelecomServices/frameworks",
					"$(LOCAL_LIBRARY_DIR)/Application\\ Support/FinkTelecomServices/frameworks",
					"$(LOCAL_LIBRARY_DIR)/Application\\ Support/FinkTelecomServices/frameworks",
					"$(LOCAL_LIBRARY_DIR)/Application\\ Support/FinkTelecomServices/frameworks",
					"$(LOCAL_LIBRARY_DIR)/Application\\ Support/FinkTelecomServices/frameworks",
				);
				LIBRARY_SEARCH_PATHS = (
					"$(inherited)",
					"$(PROJECT_DIR)/Libraries",
				);
				MACOSX_DEPLOYMENT_TARGET = 15.0;
				MTL_FAST_MATH = YES;
				PRODUCT_BUNDLE_IDENTIFIER = "com.fink-telecom.decode-diameter-pdu";
				PRODUCT_NAME = "$(TARGET_NAME)";
			};
			name = Release;
		};
		A6609EBB203A66A600C25C7B /* Debug */ = {
			isa = XCBuildConfiguration;
			buildSettings = {
				ALLOW_TARGET_PLATFORM_SPECIALIZATION = YES;
				ALWAYS_SEARCH_USER_PATHS = NO;
				ARCHS = "$(ARCHS_STANDARD)";
				CLANG_ANALYZER_NONNULL = YES;
				CLANG_ANALYZER_NUMBER_OBJECT_CONVERSION = YES_AGGRESSIVE;
				CLANG_CXX_LANGUAGE_STANDARD = "gnu++14";
				CLANG_CXX_LIBRARY = "libc++";
				CLANG_ENABLE_MODULES = YES;
				CLANG_ENABLE_OBJC_ARC = YES;
				CLANG_WARN_BLOCK_CAPTURE_AUTORELEASING = YES;
				CLANG_WARN_BOOL_CONVERSION = YES;
				CLANG_WARN_COMMA = YES;
				CLANG_WARN_CONSTANT_CONVERSION = YES;
				CLANG_WARN_DEPRECATED_OBJC_IMPLEMENTATIONS = YES;
				CLANG_WARN_DIRECT_OBJC_ISA_USAGE = YES_ERROR;
				CLANG_WARN_DOCUMENTATION_COMMENTS = YES;
				CLANG_WARN_EMPTY_BODY = YES;
				CLANG_WARN_ENUM_CONVERSION = YES;
				CLANG_WARN_INFINITE_RECURSION = YES;
				CLANG_WARN_INT_CONVERSION = YES;
				CLANG_WARN_NON_LITERAL_NULL_CONVERSION = YES;
				CLANG_WARN_OBJC_IMPLICIT_RETAIN_SELF = YES;
				CLANG_WARN_OBJC_LITERAL_CONVERSION = YES;
				CLANG_WARN_OBJC_ROOT_CLASS = YES_ERROR;
				CLANG_WARN_QUOTED_INCLUDE_IN_FRAMEWORK_HEADER = YES;
				CLANG_WARN_RANGE_LOOP_ANALYSIS = YES;
				CLANG_WARN_STRICT_PROTOTYPES = YES;
				CLANG_WARN_SUSPICIOUS_MOVE = YES;
				CLANG_WARN_UNGUARDED_AVAILABILITY = YES_AGGRESSIVE;
				CLANG_WARN_UNREACHABLE_CODE = YES;
				CLANG_WARN__DUPLICATE_METHOD_MATCH = YES;
				CODE_SIGN_IDENTITY = "Mac Developer";
				COPY_PHASE_STRIP = NO;
				CURRENT_PROJECT_VERSION = 1;
				DEAD_CODE_STRIPPING = YES;
				DEBUG_INFORMATION_FORMAT = dwarf;
				DEPLOYMENT_LOCATION = YES;
				DSTROOT = "/Library/Application Support/";
				ENABLE_STRICT_OBJC_MSGSEND = YES;
				ENABLE_TESTABILITY = YES;
				ENABLE_USER_SCRIPT_SANDBOXING = YES;
				FRAMEWORK_SEARCH_PATHS = "";
				GCC_C_LANGUAGE_STANDARD = gnu11;
				GCC_DYNAMIC_NO_PIC = NO;
				GCC_NO_COMMON_BLOCKS = YES;
				GCC_OPTIMIZATION_LEVEL = 0;
				GCC_PREPROCESSOR_DEFINITIONS = (
					"DEBUG=1",
					"$(inherited)",
				);
				GCC_WARN_64_TO_32_BIT_CONVERSION = YES;
				GCC_WARN_ABOUT_RETURN_TYPE = YES_ERROR;
				GCC_WARN_UNDECLARED_SELECTOR = YES;
				GCC_WARN_UNINITIALIZED_AUTOS = YES_AGGRESSIVE;
				GCC_WARN_UNUSED_FUNCTION = YES;
				GCC_WARN_UNUSED_VARIABLE = YES;
				HEADER_SEARCH_PATHS = (
					.,
					/usr/local/include,
				);
				INSTALL_PATH = FinkTelecomServices/bin;
				LD_RUNPATH_SEARCH_PATHS = "\"/Library/Application Support/FinkTelecomServices/frameworks\"";
				LIBRARY_SEARCH_PATHS = /usr/local/lib;
				MACOSX_DEPLOYMENT_TARGET = 13.1;
				MTL_ENABLE_DEBUG_INFO = YES;
				SDKROOT = macosx;
				SYSTEM_HEADER_SEARCH_PATHS = /usr/local/include;
				USER_HEADER_SEARCH_PATHS = /usr/local/include;
				VERSIONING_SYSTEM = "apple-generic";
				VERSION_INFO_PREFIX = "";
				WARNING_CFLAGS = "-Wimplicit-fallthrough";
			};
			name = Debug;
		};
		A6609EBC203A66A600C25C7B /* Release */ = {
			isa = XCBuildConfiguration;
			buildSettings = {
				ALLOW_TARGET_PLATFORM_SPECIALIZATION = YES;
				ALWAYS_SEARCH_USER_PATHS = NO;
				ARCHS = "$(ARCHS_STANDARD)";
				CLANG_ANALYZER_NONNULL = YES;
				CLANG_ANALYZER_NUMBER_OBJECT_CONVERSION = YES_AGGRESSIVE;
				CLANG_CXX_LANGUAGE_STANDARD = "gnu++14";
				CLANG_CXX_LIBRARY = "libc++";
				CLANG_ENABLE_MODULES = YES;
				CLANG_ENABLE_OBJC_ARC = YES;
				CLANG_WARN_BLOCK_CAPTURE_AUTORELEASING = YES;
				CLANG_WARN_BOOL_CONVERSION = YES;
				CLANG_WARN_COMMA = YES;
				CLANG_WARN_CONSTANT_CONVERSION = YES;
				CLANG_WARN_DEPRECATED_OBJC_IMPLEMENTATIONS = YES;
				CLANG_WARN_DIRECT_OBJC_ISA_USAGE = YES_ERROR;
				CLANG_WARN_DOCUMENTATION_COMMENTS = YES;
				CLANG_WARN_EMPTY_BODY = YES;
				CLANG_WARN_ENUM_CONVERSION = YES;
				CLANG_WARN_INFINITE_RECURSION = YES;
				CLANG_WARN_INT_CONVERSION = YES;
				CLANG_WARN_NON_LITERAL_NULL_CONVERSION = YES;
				CLANG_WARN_OBJC_IMPLICIT_RETAIN_SELF = YES;
				CLANG_WARN_OBJC_LITERAL_CONVERSION = YES;
				CLANG_WARN_OBJC_ROOT_CLASS = YES_ERROR;
				CLANG_WARN_QUOTED_INCLUDE_IN_FRAMEWORK_HEADER = YES;
				CLANG_WARN_RANGE_LOOP_ANALYSIS = YES;
				CLANG_WARN_STRICT_PROTOTYPES = YES;
				CLANG_WARN_SUSPICIOUS_MOVE = YES;
				CLANG_WARN_UNGUARDED_AVAILABILITY = YES_AGGRESSIVE;
				CLANG_WARN_UNREACHABLE_CODE = YES;
				CLANG_WARN__DUPLICATE_METHOD_MATCH = YES;
				CODE_SIGN_IDENTITY = "Mac Developer";
				COPY_PHASE_STRIP = NO;
				CURRENT_PROJECT_VERSION = 1;
				DEAD_CODE_STRIPPING = YES;
				DEBUG_INFORMATION_FORMAT = "dwarf-with-dsym";
				DEPLOYMENT_LOCATION = YES;
				DSTROOT = "/Library/Application Support/";
				ENABLE_NS_ASSERTIONS = NO;
				ENABLE_STRICT_OBJC_MSGSEND = YES;
				ENABLE_USER_SCRIPT_SANDBOXING = YES;
				FRAMEWORK_SEARCH_PATHS = "";
				GCC_C_LANGUAGE_STANDARD = gnu11;
				GCC_NO_COMMON_BLOCKS = YES;
				GCC_WARN_64_TO_32_BIT_CONVERSION = YES;
				GCC_WARN_ABOUT_RETURN_TYPE = YES_ERROR;
				GCC_WARN_UNDECLARED_SELECTOR = YES;
				GCC_WARN_UNINITIALIZED_AUTOS = YES_AGGRESSIVE;
				GCC_WARN_UNUSED_FUNCTION = YES;
				GCC_WARN_UNUSED_VARIABLE = YES;
				HEADER_SEARCH_PATHS = (
					.,
					/usr/local/include,
				);
				INSTALL_PATH = FinkTelecomServices/bin;
				LD_RUNPATH_SEARCH_PATHS = "\"/Library/Application Support/FinkTelecomServices/frameworks\"";
				LIBRARY_SEARCH_PATHS = /usr/local/lib;
				MACOSX_DEPLOYMENT_TARGET = 13.1;
				MTL_ENABLE_DEBUG_INFO = NO;
				SDKROOT = macosx;
				SYSTEM_HEADER_SEARCH_PATHS = /usr/local/include;
				USER_HEADER_SEARCH_PATHS = /usr/local/include;
				VERSIONING_SYSTEM = "apple-generic";
				VERSION_INFO_PREFIX = "";
				WARNING_CFLAGS = "-Wimplicit-fallthrough";
			};
			name = Release;
		};
		A6609EBE203A66A600C25C7B /* Debug */ = {
			isa = XCBuildConfiguration;
			buildSettings = {
				CODE_SIGN_IDENTITY = "";
				"CODE_SIGN_IDENTITY[sdk=macosx*]" = "Apple Development";
				CODE_SIGN_STYLE = Automatic;
				COMBINE_HIDPI_IMAGES = YES;
				DEAD_CODE_STRIPPING = YES;
				DEFINES_MODULE = YES;
				DEVELOPMENT_TEAM = 38L827M334;
				DSTROOT = "/Library/Application Support";
				DYLIB_COMPATIBILITY_VERSION = 1;
				DYLIB_CURRENT_VERSION = 1;
				DYLIB_INSTALL_NAME_BASE = "$(DSTROOT)/$(INSTALL_PATH)";
				FRAMEWORK_VERSION = A;
				INFOPLIST_FILE = ulibdiameter/Info.plist;
				INSTALL_PATH = FinkTelecomServices/frameworks;
				LD_RUNPATH_SEARCH_PATHS = (
					"$(inherited)",
					"@executable_path/../Frameworks",
					"@loader_path/Frameworks",
					"\"/Library/Application Support/\"",
				);
				MACOSX_DEPLOYMENT_TARGET = 15.0;
				MARKETING_VERSION = 1.16.3;
				PRODUCT_BUNDLE_IDENTIFIER = "com.fink-telecom.ulibdiameter";
				PRODUCT_NAME = "$(TARGET_NAME:c99extidentifier)";
				PROVISIONING_PROFILE_SPECIFIER = "";
				SDKROOT = macosx;
				SKIP_INSTALL = NO;
				SUPPORTED_PLATFORMS = macosx;
			};
			name = Debug;
		};
		A6609EBF203A66A600C25C7B /* Release */ = {
			isa = XCBuildConfiguration;
			buildSettings = {
				CODE_SIGN_IDENTITY = "";
				"CODE_SIGN_IDENTITY[sdk=macosx*]" = "Apple Development";
				CODE_SIGN_STYLE = Automatic;
				COMBINE_HIDPI_IMAGES = YES;
				DEAD_CODE_STRIPPING = YES;
				DEFINES_MODULE = YES;
				DEVELOPMENT_TEAM = 38L827M334;
				DSTROOT = "/Library/Application Support";
				DYLIB_COMPATIBILITY_VERSION = 1;
				DYLIB_CURRENT_VERSION = 1;
				DYLIB_INSTALL_NAME_BASE = "$(DSTROOT)/$(INSTALL_PATH)";
				FRAMEWORK_VERSION = A;
				INFOPLIST_FILE = ulibdiameter/Info.plist;
				INSTALL_PATH = FinkTelecomServices/frameworks;
				LD_RUNPATH_SEARCH_PATHS = (
					"$(inherited)",
					"@executable_path/../Frameworks",
					"@loader_path/Frameworks",
					"\"/Library/Application Support/\"",
				);
				MACOSX_DEPLOYMENT_TARGET = 15.0;
				MARKETING_VERSION = 1.16.3;
				PRODUCT_BUNDLE_IDENTIFIER = "com.fink-telecom.ulibdiameter";
				PRODUCT_NAME = "$(TARGET_NAME:c99extidentifier)";
				PROVISIONING_PROFILE_SPECIFIER = "";
				SDKROOT = macosx;
				SKIP_INSTALL = NO;
				SUPPORTED_PLATFORMS = macosx;
			};
			name = Release;
		};
		A6609EC1203A66A600C25C7B /* Debug */ = {
			isa = XCBuildConfiguration;
			buildSettings = {
				CODE_SIGN_STYLE = Automatic;
				COMBINE_HIDPI_IMAGES = YES;
				DEAD_CODE_STRIPPING = YES;
				DEVELOPMENT_TEAM = 38L827M334;
				FRAMEWORK_SEARCH_PATHS = (
					"$(inherited)",
					"$(LOCAL_LIBRARY_DIR)/Application\\ Support/FinkTelecomServices/frameworks",
					"$(LOCAL_LIBRARY_DIR)/Application\\ Support/FinkTelecomServices/frameworks",
					"$(LOCAL_LIBRARY_DIR)/Application\\ Support/FinkTelecomServices/frameworks",
					"$(LOCAL_LIBRARY_DIR)/Application\\ Support/FinkTelecomServices/frameworks",
				);
				INFOPLIST_FILE = ulibdiameterTests/Info.plist;
				LD_RUNPATH_SEARCH_PATHS = (
					"$(inherited)",
					"@executable_path/../Frameworks",
					"@loader_path/../Frameworks",
				);
				LIBRARY_SEARCH_PATHS = (
					"$(inherited)",
					"$(PROJECT_DIR)/Libraries",
				);
				MACOSX_DEPLOYMENT_TARGET = 15.0;
				PRODUCT_BUNDLE_IDENTIFIER = "com.fink-telecom.--PRODUCT-NAME-rfc1034identifier-";
				PRODUCT_NAME = "$(TARGET_NAME)";
			};
			name = Debug;
		};
		A6609EC2203A66A600C25C7B /* Release */ = {
			isa = XCBuildConfiguration;
			buildSettings = {
				CODE_SIGN_STYLE = Automatic;
				COMBINE_HIDPI_IMAGES = YES;
				DEAD_CODE_STRIPPING = YES;
				DEVELOPMENT_TEAM = 38L827M334;
				FRAMEWORK_SEARCH_PATHS = (
					"$(inherited)",
					"$(LOCAL_LIBRARY_DIR)/Application\\ Support/FinkTelecomServices/frameworks",
					"$(LOCAL_LIBRARY_DIR)/Application\\ Support/FinkTelecomServices/frameworks",
					"$(LOCAL_LIBRARY_DIR)/Application\\ Support/FinkTelecomServices/frameworks",
					"$(LOCAL_LIBRARY_DIR)/Application\\ Support/FinkTelecomServices/frameworks",
				);
				INFOPLIST_FILE = ulibdiameterTests/Info.plist;
				LD_RUNPATH_SEARCH_PATHS = (
					"$(inherited)",
					"@executable_path/../Frameworks",
					"@loader_path/../Frameworks",
				);
				LIBRARY_SEARCH_PATHS = (
					"$(inherited)",
					"$(PROJECT_DIR)/Libraries",
				);
				MACOSX_DEPLOYMENT_TARGET = 15.0;
				PRODUCT_BUNDLE_IDENTIFIER = "com.fink-telecom.--PRODUCT-NAME-rfc1034identifier-";
				PRODUCT_NAME = "$(TARGET_NAME)";
			};
			name = Release;
		};
		A684F78822C1FED9004F77C0 /* Debug */ = {
			isa = XCBuildConfiguration;
			buildSettings = {
				CLANG_ENABLE_MODULES = NO;
				CLANG_ENABLE_OBJC_WEAK = YES;
				CODE_SIGN_ENTITLEMENTS = "diameter-cmd-gen/diameter-cmd-gen.entitlements";
				CODE_SIGN_IDENTITY = "Apple Development";
				CODE_SIGN_STYLE = Automatic;
				DEAD_CODE_STRIPPING = YES;
				DEVELOPMENT_TEAM = 38L827M334;
				ENABLE_HARDENED_RUNTIME = NO;
				FRAMEWORK_SEARCH_PATHS = (
					"$(inherited)",
					"\"$(LOCAL_LIBRARY_DIR)/Application\\\\ Support/FinkTelecomServices/frameworks\"",
					"$(LOCAL_LIBRARY_DIR)/Application\\ Support/FinkTelecomServices/frameworks",
					"$(LOCAL_LIBRARY_DIR)/Application\\ Support/FinkTelecomServices/frameworks",
					"$(LOCAL_LIBRARY_DIR)/Application\\ Support/FinkTelecomServices/frameworks",
					"$(LOCAL_LIBRARY_DIR)/Application\\ Support/FinkTelecomServices/frameworks",
					"$(LOCAL_LIBRARY_DIR)/Application\\ Support/FinkTelecomServices/frameworks",
					"$(LOCAL_LIBRARY_DIR)/Application\\ Support/FinkTelecomServices/frameworks",
				);
				IPHONEOS_DEPLOYMENT_TARGET = 18.0;
				LIBRARY_SEARCH_PATHS = (
					"$(inherited)",
					"$(PROJECT_DIR)/Libraries",
				);
				MACOSX_DEPLOYMENT_TARGET = 15.0;
				MTL_ENABLE_DEBUG_INFO = INCLUDE_SOURCE;
				MTL_FAST_MATH = YES;
				PRODUCT_BUNDLE_IDENTIFIER = "com.fink-telecom.diameter-cmd-gen";
				PRODUCT_NAME = "$(TARGET_NAME)";
				SUPPORTED_PLATFORMS = macosx;
				SUPPORTS_MACCATALYST = NO;
				TVOS_DEPLOYMENT_TARGET = 18.0;
			};
			name = Debug;
		};
		A684F78922C1FED9004F77C0 /* Release */ = {
			isa = XCBuildConfiguration;
			buildSettings = {
				CLANG_ENABLE_MODULES = NO;
				CLANG_ENABLE_OBJC_WEAK = YES;
				CODE_SIGN_ENTITLEMENTS = "diameter-cmd-gen/diameter-cmd-gen.entitlements";
				CODE_SIGN_IDENTITY = "Apple Development";
				CODE_SIGN_STYLE = Automatic;
				DEAD_CODE_STRIPPING = YES;
				DEVELOPMENT_TEAM = 38L827M334;
				ENABLE_HARDENED_RUNTIME = NO;
				FRAMEWORK_SEARCH_PATHS = (
					"$(inherited)",
					"\"$(LOCAL_LIBRARY_DIR)/Application\\\\ Support/FinkTelecomServices/frameworks\"",
					"$(LOCAL_LIBRARY_DIR)/Application\\ Support/FinkTelecomServices/frameworks",
					"$(LOCAL_LIBRARY_DIR)/Application\\ Support/FinkTelecomServices/frameworks",
					"$(LOCAL_LIBRARY_DIR)/Application\\ Support/FinkTelecomServices/frameworks",
					"$(LOCAL_LIBRARY_DIR)/Application\\ Support/FinkTelecomServices/frameworks",
					"$(LOCAL_LIBRARY_DIR)/Application\\ Support/FinkTelecomServices/frameworks",
					"$(LOCAL_LIBRARY_DIR)/Application\\ Support/FinkTelecomServices/frameworks",
				);
				IPHONEOS_DEPLOYMENT_TARGET = 18.0;
				LIBRARY_SEARCH_PATHS = (
					"$(inherited)",
					"$(PROJECT_DIR)/Libraries",
				);
				MACOSX_DEPLOYMENT_TARGET = 15.0;
				MTL_FAST_MATH = YES;
				PRODUCT_BUNDLE_IDENTIFIER = "com.fink-telecom.diameter-cmd-gen";
				PRODUCT_NAME = "$(TARGET_NAME)";
				SUPPORTED_PLATFORMS = macosx;
				SUPPORTS_MACCATALYST = NO;
				TVOS_DEPLOYMENT_TARGET = 18.0;
			};
			name = Release;
		};
/* End XCBuildConfiguration section */

/* Begin XCConfigurationList section */
		A61E1B0422C8F93F00025026 /* Build configuration list for PBXNativeTarget "diameter-avp-gen" */ = {
			isa = XCConfigurationList;
			buildConfigurations = (
				A61E1B0522C8F93F00025026 /* Debug */,
				A61E1B0622C8F93F00025026 /* Release */,
			);
			defaultConfigurationIsVisible = 0;
			defaultConfigurationName = Release;
		};
		A6260C5A228C004F00C94036 /* Build configuration list for PBXNativeTarget "decode-diameter-pdu" */ = {
			isa = XCConfigurationList;
			buildConfigurations = (
				A6260C5B228C004F00C94036 /* Debug */,
				A6260C5C228C004F00C94036 /* Release */,
			);
			defaultConfigurationIsVisible = 0;
			defaultConfigurationName = Release;
		};
		A6609EA3203A66A600C25C7B /* Build configuration list for PBXProject "ulibdiameter" */ = {
			isa = XCConfigurationList;
			buildConfigurations = (
				A6609EBB203A66A600C25C7B /* Debug */,
				A6609EBC203A66A600C25C7B /* Release */,
			);
			defaultConfigurationIsVisible = 0;
			defaultConfigurationName = Release;
		};
		A6609EBD203A66A600C25C7B /* Build configuration list for PBXNativeTarget "ulibdiameter" */ = {
			isa = XCConfigurationList;
			buildConfigurations = (
				A6609EBE203A66A600C25C7B /* Debug */,
				A6609EBF203A66A600C25C7B /* Release */,
			);
			defaultConfigurationIsVisible = 0;
			defaultConfigurationName = Release;
		};
		A6609EC0203A66A600C25C7B /* Build configuration list for PBXNativeTarget "ulibdiameterTests" */ = {
			isa = XCConfigurationList;
			buildConfigurations = (
				A6609EC1203A66A600C25C7B /* Debug */,
				A6609EC2203A66A600C25C7B /* Release */,
			);
			defaultConfigurationIsVisible = 0;
			defaultConfigurationName = Release;
		};
		A684F78722C1FED9004F77C0 /* Build configuration list for PBXNativeTarget "diameter-cmd-gen" */ = {
			isa = XCConfigurationList;
			buildConfigurations = (
				A684F78822C1FED9004F77C0 /* Debug */,
				A684F78922C1FED9004F77C0 /* Release */,
			);
			defaultConfigurationIsVisible = 0;
			defaultConfigurationName = Release;
		};
/* End XCConfigurationList section */
	};
	rootObject = A6609EA0203A66A600C25C7B /* Project object */;
}
